
Microsoft Visual Studio Solution File, Format Version 12.00
# Visual Studio Version 16
VisualStudioVersion = 16.0.35229.62
MinimumVisualStudioVersion = 10.0.40219.1
Project("{FAE04EC0-301F-11D3-BF4B-00C04F79EFBC}") = "WindowsFormsApp1", "WindowsFormsApp1\WindowsFormsApp1.csproj", "{5D215DD9-EC77-4808-A1AA-7A7A84102D3C}"
EndProject
Global
	GlobalSection(SolutionConfigurationPlatforms) = preSolution
		Debug|Any CPU = Debug|Any CPU
		Release|Any CPU = Release|Any CPU
	EndGlobalSection
	GlobalSection(ProjectConfigurationPlatforms) = postSolution
		{5D215DD9-EC77-4808-A1AA-7A7A84102D3C}.Debug|Any CPU.ActiveCfg = Debug|Any CPU
		{5D215DD9-EC77-4808-A1AA-7A7A84102D3C}.Debug|Any CPU.Build.0 = Debug|Any CPU
		{5D215DD9-EC77-4808-A1AA-7A7A84102D3C}.Release|Any CPU.ActiveCfg = Release|Any CPU
		{5D215DD9-EC77-4808-A1AA-7A7A84102D3C}.Release|Any CPU.Build.0 = Release|Any CPU
	EndGlobalSection
	GlobalSection(SolutionProperties) = preSolution
		HideSolutionNode = FALSE
	EndGlobalSection
	GlobalSection(ExtensibilityGlobals) = postSolution
		SolutionGuid = {6BC7F57C-6D85-4AA7-AEB6-4001D3809697}
	EndGlobalSection
EndGlobal
